// !$*UTF8*$!
{
	archiveVersion = 1;
	classes = {
	};
	objectVersion = 50;
	objects = {

/* Begin PBXBuildFile section */
		0334D35E22BDF76C00BE553C /* AppDelegate.swift in Sources */ = {isa = PBXBuildFile; fileRef = 0334D35D22BDF76C00BE553C /* AppDelegate.swift */; };
		0334D36022BDF76C00BE553C /* SceneDelegate.swift in Sources */ = {isa = PBXBuildFile; fileRef = 0334D35F22BDF76C00BE553C /* SceneDelegate.swift */; };
		0334D36222BDF76C00BE553C /* SpirographView.swift in Sources */ = {isa = PBXBuildFile; fileRef = 0334D36122BDF76C00BE553C /* SpirographView.swift */; };
		0334D36422BDF76F00BE553C /* Assets.xcassets in Resources */ = {isa = PBXBuildFile; fileRef = 0334D36322BDF76F00BE553C /* Assets.xcassets */; };
		0334D36722BDF76F00BE553C /* Preview Assets.xcassets in Resources */ = {isa = PBXBuildFile; fileRef = 0334D36622BDF76F00BE553C /* Preview Assets.xcassets */; };
		0334D36A22BDF76F00BE553C /* LaunchScreen.storyboard in Resources */ = {isa = PBXBuildFile; fileRef = 0334D36822BDF76F00BE553C /* LaunchScreen.storyboard */; };
		03F563AB22E74F8500A917E2 /* SpirographModel.swift in Sources */ = {isa = PBXBuildFile; fileRef = 03F563AA22E74F8500A917E2 /* SpirographModel.swift */; };
		03F563AD22E74FEC00A917E2 /* CurrentValueSubject+Bindable.swift in Sources */ = {isa = PBXBuildFile; fileRef = 03F563AC22E74FEC00A917E2 /* CurrentValueSubject+Bindable.swift */; };
/* End PBXBuildFile section */

/* Begin PBXFileReference section */
		0334D35A22BDF76C00BE553C /* SpirographSwiftUI.app */ = {isa = PBXFileReference; explicitFileType = wrapper.application; includeInIndex = 0; path = SpirographSwiftUI.app; sourceTree = BUILT_PRODUCTS_DIR; };
		0334D35D22BDF76C00BE553C /* AppDelegate.swift */ = {isa = PBXFileReference; lastKnownFileType = sourcecode.swift; path = AppDelegate.swift; sourceTree = "<group>"; };
		0334D35F22BDF76C00BE553C /* SceneDelegate.swift */ = {isa = PBXFileReference; lastKnownFileType = sourcecode.swift; path = SceneDelegate.swift; sourceTree = "<group>"; };
		0334D36122BDF76C00BE553C /* SpirographView.swift */ = {isa = PBXFileReference; lastKnownFileType = sourcecode.swift; path = SpirographView.swift; sourceTree = "<group>"; };
		0334D36322BDF76F00BE553C /* Assets.xcassets */ = {isa = PBXFileReference; lastKnownFileType = folder.assetcatalog; path = Assets.xcassets; sourceTree = "<group>"; };
		0334D36622BDF76F00BE553C /* Preview Assets.xcassets */ = {isa = PBXFileReference; lastKnownFileType = folder.assetcatalog; path = "Preview Assets.xcassets"; sourceTree = "<group>"; };
		0334D36922BDF76F00BE553C /* Base */ = {isa = PBXFileReference; lastKnownFileType = file.storyboard; name = Base; path = Base.lproj/LaunchScreen.storyboard; sourceTree = "<group>"; };
		0334D36B22BDF76F00BE553C /* Info.plist */ = {isa = PBXFileReference; lastKnownFileType = text.plist.xml; path = Info.plist; sourceTree = "<group>"; };
		03EA8B6022E57D77007F83D4 /* SpirographSwiftUI.entitlements */ = {isa = PBXFileReference; lastKnownFileType = text.plist.entitlements; path = SpirographSwiftUI.entitlements; sourceTree = "<group>"; };
		03F563AA22E74F8500A917E2 /* SpirographModel.swift */ = {isa = PBXFileReference; lastKnownFileType = sourcecode.swift; name = SpirographModel.swift; path = ../../../../../System/Volumes/Data/Users/josh/Develop/SpirographSwiftUI/SpirographSwiftUI/SpirographModel.swift; sourceTree = "<group>"; };
		03F563AC22E74FEC00A917E2 /* CurrentValueSubject+Bindable.swift */ = {isa = PBXFileReference; lastKnownFileType = sourcecode.swift; name = "CurrentValueSubject+Bindable.swift"; path = "../../../../../System/Volumes/Data/Users/josh/Develop/SpirographSwiftUI/SpirographSwiftUI/CurrentValueSubject+Bindable.swift"; sourceTree = "<group>"; };
/* End PBXFileReference section */

/* Begin PBXFrameworksBuildPhase section */
		0334D35722BDF76C00BE553C /* Frameworks */ = {
			isa = PBXFrameworksBuildPhase;
			buildActionMask = 2147483647;
			files = (
			);
			runOnlyForDeploymentPostprocessing = 0;
		};
/* End PBXFrameworksBuildPhase section */

/* Begin PBXGroup section */
		0334D35122BDF76C00BE553C = {
			isa = PBXGroup;
			children = (
				0334D35C22BDF76C00BE553C /* SpirographSwiftUI */,
				0334D35B22BDF76C00BE553C /* Products */,
			);
			sourceTree = "<group>";
		};
		0334D35B22BDF76C00BE553C /* Products */ = {
			isa = PBXGroup;
			children = (
				0334D35A22BDF76C00BE553C /* SpirographSwiftUI.app */,
			);
			name = Products;
			sourceTree = "<group>";
		};
		0334D35C22BDF76C00BE553C /* SpirographSwiftUI */ = {
			isa = PBXGroup;
			children = (
				03EA8B6022E57D77007F83D4 /* SpirographSwiftUI.entitlements */,
				0334D35D22BDF76C00BE553C /* AppDelegate.swift */,
				0334D35F22BDF76C00BE553C /* SceneDelegate.swift */,
				0334D36122BDF76C00BE553C /* SpirographView.swift */,
				03F563AA22E74F8500A917E2 /* SpirographModel.swift */,
				03F563AC22E74FEC00A917E2 /* CurrentValueSubject+Bindable.swift */,
				0334D36322BDF76F00BE553C /* Assets.xcassets */,
				0334D36822BDF76F00BE553C /* LaunchScreen.storyboard */,
				0334D36B22BDF76F00BE553C /* Info.plist */,
				0334D36522BDF76F00BE553C /* Preview Content */,
			);
			path = SpirographSwiftUI;
			sourceTree = "<group>";
		};
		0334D36522BDF76F00BE553C /* Preview Content */ = {
			isa = PBXGroup;
			children = (
				0334D36622BDF76F00BE553C /* Preview Assets.xcassets */,
			);
			path = "Preview Content";
			sourceTree = "<group>";
		};
/* End PBXGroup section */

/* Begin PBXNativeTarget section */
		0334D35922BDF76C00BE553C /* SpirographSwiftUI */ = {
			isa = PBXNativeTarget;
			buildConfigurationList = 0334D36E22BDF76F00BE553C /* Build configuration list for PBXNativeTarget "SpirographSwiftUI" */;
			buildPhases = (
				0334D35622BDF76C00BE553C /* Sources */,
				0334D35722BDF76C00BE553C /* Frameworks */,
				0334D35822BDF76C00BE553C /* Resources */,
			);
			buildRules = (
			);
			dependencies = (
			);
			name = SpirographSwiftUI;
			productName = SpirographSwiftUI;
			productReference = 0334D35A22BDF76C00BE553C /* SpirographSwiftUI.app */;
			productType = "com.apple.product-type.application";
		};
/* End PBXNativeTarget section */

/* Begin PBXProject section */
		0334D35222BDF76C00BE553C /* Project object */ = {
			isa = PBXProject;
			attributes = {
				LastSwiftUpdateCheck = 1100;
				LastUpgradeCheck = 1100;
				ORGANIZATIONNAME = com.josh;
				TargetAttributes = {
					0334D35922BDF76C00BE553C = {
						CreatedOnToolsVersion = 11.0;
					};
				};
			};
			buildConfigurationList = 0334D35522BDF76C00BE553C /* Build configuration list for PBXProject "SpirographSwiftUI" */;
			compatibilityVersion = "Xcode 9.3";
			developmentRegion = en;
			hasScannedForEncodings = 0;
			knownRegions = (
				en,
				Base,
			);
			mainGroup = 0334D35122BDF76C00BE553C;
			productRefGroup = 0334D35B22BDF76C00BE553C /* Products */;
			projectDirPath = "";
			projectRoot = "";
			targets = (
				0334D35922BDF76C00BE553C /* SpirographSwiftUI */,
			);
		};
/* End PBXProject section */

/* Begin PBXResourcesBuildPhase section */
		0334D35822BDF76C00BE553C /* Resources */ = {
			isa = PBXResourcesBuildPhase;
			buildActionMask = 2147483647;
			files = (
				0334D36A22BDF76F00BE553C /* LaunchScreen.storyboard in Resources */,
				0334D36722BDF76F00BE553C /* Preview Assets.xcassets in Resources */,
				0334D36422BDF76F00BE553C /* Assets.xcassets in Resources */,
			);
			runOnlyForDeploymentPostprocessing = 0;
		};
/* End PBXResourcesBuildPhase section */

/* Begin PBXSourcesBuildPhase section */
		0334D35622BDF76C00BE553C /* Sources */ = {
			isa = PBXSourcesBuildPhase;
			buildActionMask = 2147483647;
			files = (
				03F563AD22E74FEC00A917E2 /* CurrentValueSubject+Bindable.swift in Sources */,
				03F563AB22E74F8500A917E2 /* SpirographModel.swift in Sources */,
				0334D35E22BDF76C00BE553C /* AppDelegate.swift in Sources */,
				0334D36022BDF76C00BE553C /* SceneDelegate.swift in Sources */,
				0334D36222BDF76C00BE553C /* SpirographView.swift in Sources */,
			);
			runOnlyForDeploymentPostprocessing = 0;
		};
/* End PBXSourcesBuildPhase section */

/* Begin PBXVariantGroup section */
		0334D36822BDF76F00BE553C /* LaunchScreen.storyboard */ = {
			isa = PBXVariantGroup;
			children = (
				0334D36922BDF76F00BE553C /* Base */,
			);
			name = LaunchScreen.storyboard;
			sourceTree = "<group>";
		};
/* End PBXVariantGroup section */

/* Begin XCBuildConfiguration section */
		0334D36C22BDF76F00BE553C /* Debug */ = {
			isa = XCBuildConfiguration;
			buildSettings = {
				ALWAYS_SEARCH_USER_PATHS = NO;
				CLANG_ANALYZER_NONNULL = YES;
				CLANG_ANALYZER_NUMBER_OBJECT_CONVERSION = YES_AGGRESSIVE;
				CLANG_CXX_LANGUAGE_STANDARD = "gnu++14";
				CLANG_CXX_LIBRARY = "libc++";
				CLANG_ENABLE_MODULES = YES;
				CLANG_ENABLE_OBJC_ARC = YES;
				CLANG_ENABLE_OBJC_WEAK = YES;
				CLANG_WARN_BLOCK_CAPTURE_AUTORELEASING = YES;
				CLANG_WARN_BOOL_CONVERSION = YES;
				CLANG_WARN_COMMA = YES;
				CLANG_WARN_CONSTANT_CONVERSION = YES;
				CLANG_WARN_DEPRECATED_OBJC_IMPLEMENTATIONS = YES;
				CLANG_WARN_DIRECT_OBJC_ISA_USAGE = YES_ERROR;
				CLANG_WARN_DOCUMENTATION_COMMENTS = YES;
				CLANG_WARN_EMPTY_BODY = YES;
				CLANG_WARN_ENUM_CONVERSION = YES;
				CLANG_WARN_INFINITE_RECURSION = YES;
				CLANG_WARN_INT_CONVERSION = YES;
				CLANG_WARN_NON_LITERAL_NULL_CONVERSION = YES;
				CLANG_WARN_OBJC_IMPLICIT_RETAIN_SELF = YES;
				CLANG_WARN_OBJC_LITERAL_CONVERSION = YES;
				CLANG_WARN_OBJC_ROOT_CLASS = YES_ERROR;
				CLANG_WARN_RANGE_LOOP_ANALYSIS = YES;
				CLANG_WARN_STRICT_PROTOTYPES = YES;
				CLANG_WARN_SUSPICIOUS_MOVE = YES;
				CLANG_WARN_UNGUARDED_AVAILABILITY = YES_AGGRESSIVE;
				CLANG_WARN_UNREACHABLE_CODE = YES;
				CLANG_WARN__DUPLICATE_METHOD_MATCH = YES;
				COPY_PHASE_STRIP = NO;
				DEBUG_INFORMATION_FORMAT = dwarf;
				ENABLE_STRICT_OBJC_MSGSEND = YES;
				ENABLE_TESTABILITY = YES;
				GCC_C_LANGUAGE_STANDARD = gnu11;
				GCC_DYNAMIC_NO_PIC = NO;
				GCC_NO_COMMON_BLOCKS = YES;
				GCC_OPTIMIZATION_LEVEL = 0;
				GCC_PREPROCESSOR_DEFINITIONS = (
					"DEBUG=1",
					"$(inherited)",
				);
				GCC_WARN_64_TO_32_BIT_CONVERSION = YES;
				GCC_WARN_ABOUT_RETURN_TYPE = YES_ERROR;
				GCC_WARN_UNDECLARED_SELECTOR = YES;
				GCC_WARN_UNINITIALIZED_AUTOS = YES_AGGRESSIVE;
				GCC_WARN_UNUSED_FUNCTION = YES;
				GCC_WARN_UNUSED_VARIABLE = YES;
				IPHONEOS_DEPLOYMENT_TARGET = 13.0;
				MTL_ENABLE_DEBUG_INFO = INCLUDE_SOURCE;
				MTL_FAST_MATH = YES;
				ONLY_ACTIVE_ARCH = YES;
				SDKROOT = iphoneos;
				SWIFT_ACTIVE_COMPILATION_CONDITIONS = DEBUG;
				SWIFT_OPTIMIZATION_LEVEL = "-Onone";
			};
			name = Debug;
		};
		0334D36D22BDF76F00BE553C /* Release */ = {
			isa = XCBuildConfiguration;
			buildSettings = {
				ALWAYS_SEARCH_USER_PATHS = NO;
				CLANG_ANALYZER_NONNULL = YES;
				CLANG_ANALYZER_NUMBER_OBJECT_CONVERSION = YES_AGGRESSIVE;
				CLANG_CXX_LANGUAGE_STANDARD = "gnu++14";
				CLANG_CXX_LIBRARY = "libc++";
				CLANG_ENABLE_MODULES = YES;
				CLANG_ENABLE_OBJC_ARC = YES;
				CLANG_ENABLE_OBJC_WEAK = YES;
				CLANG_WARN_BLOCK_CAPTURE_AUTORELEASING = YES;
				CLANG_WARN_BOOL_CONVERSION = YES;
				CLANG_WARN_COMMA = YES;
				CLANG_WARN_CONSTANT_CONVERSION = YES;
				CLANG_WARN_DEPRECATED_OBJC_IMPLEMENTATIONS = YES;
				CLANG_WARN_DIRECT_OBJC_ISA_USAGE = YES_ERROR;
				CLANG_WARN_DOCUMENTATION_COMMENTS = YES;
				CLANG_WARN_EMPTY_BODY = YES;
				CLANG_WARN_ENUM_CONVERSION = YES;
				CLANG_WARN_INFINITE_RECURSION = YES;
				CLANG_WARN_INT_CONVERSION = YES;
				CLANG_WARN_NON_LITERAL_NULL_CONVERSION = YES;
				CLANG_WARN_OBJC_IMPLICIT_RETAIN_SELF = YES;
				CLANG_WARN_OBJC_LITERAL_CONVERSION = YES;
				CLANG_WARN_OBJC_ROOT_CLASS = YES_ERROR;
				CLANG_WARN_RANGE_LOOP_ANALYSIS = YES;
				CLANG_WARN_STRICT_PROTOTYPES = YES;
				CLANG_WARN_SUSPICIOUS_MOVE = YES;
				CLANG_WARN_UNGUARDED_AVAILABILITY = YES_AGGRESSIVE;
				CLANG_WARN_UNREACHABLE_CODE = YES;
				CLANG_WARN__DUPLICATE_METHOD_MATCH = YES;
				COPY_PHASE_STRIP = NO;
				DEBUG_INFORMATION_FORMAT = "dwarf-with-dsym";
				ENABLE_NS_ASSERTIONS = NO;
				ENABLE_STRICT_OBJC_MSGSEND = YES;
				GCC_C_LANGUAGE_STANDARD = gnu11;
				GCC_NO_COMMON_BLOCKS = YES;
				GCC_WARN_64_TO_32_BIT_CONVERSION = YES;
				GCC_WARN_ABOUT_RETURN_TYPE = YES_ERROR;
				GCC_WARN_UNDECLARED_SELECTOR = YES;
				GCC_WARN_UNINITIALIZED_AUTOS = YES_AGGRESSIVE;
				GCC_WARN_UNUSED_FUNCTION = YES;
				GCC_WARN_UNUSED_VARIABLE = YES;
				IPHONEOS_DEPLOYMENT_TARGET = 13.0;
				MTL_ENABLE_DEBUG_INFO = NO;
				MTL_FAST_MATH = YES;
				SDKROOT = iphoneos;
				SWIFT_COMPILATION_MODE = wholemodule;
				SWIFT_OPTIMIZATION_LEVEL = "-O";
				VALIDATE_PRODUCT = YES;
			};
			name = Release;
		};
		0334D36F22BDF76F00BE553C /* Debug */ = {
			isa = XCBuildConfiguration;
			buildSettings = {
				ASSETCATALOG_COMPILER_APPICON_NAME = AppIcon;
				CODE_SIGN_ENTITLEMENTS = SpirographSwiftUI/SpirographSwiftUI.entitlements;
				CODE_SIGN_STYLE = Automatic;
				DERIVE_MACCATALYST_PRODUCT_BUNDLE_IDENTIFIER = YES;
				DEVELOPMENT_ASSET_PATHS = "SpirographSwiftUI/Preview\\ Content";
				DEVELOPMENT_TEAM = L4WMJSL77G;
				ENABLE_PREVIEWS = YES;
				INFOPLIST_FILE = SpirographSwiftUI/Info.plist;
				LD_RUNPATH_SEARCH_PATHS = (
					"$(inherited)",
					"@executable_path/Frameworks",
				);
				PRODUCT_BUNDLE_IDENTIFIER = josh.SpirographSwiftUI;
				PRODUCT_NAME = "$(TARGET_NAME)";
				SUPPORTS_MACCATALYST = YES;
				SWIFT_VERSION = 5.0;
				TARGETED_DEVICE_FAMILY = "1,2";
			};
			name = Debug;
		};
		0334D37022BDF76F00BE553C /* Release */ = {
			isa = XCBuildConfiguration;
			buildSettings = {
				ASSETCATALOG_COMPILER_APPICON_NAME = AppIcon;
				CODE_SIGN_ENTITLEMENTS = SpirographSwiftUI/SpirographSwiftUI.entitlements;
				CODE_SIGN_STYLE = Automatic;
				DERIVE_MACCATALYST_PRODUCT_BUNDLE_IDENTIFIER = YES;
				DEVELOPMENT_ASSET_PATHS = "SpirographSwiftUI/Preview\\ Content";
				DEVELOPMENT_TEAM = L4WMJSL77G;
				ENABLE_PREVIEWS = YES;
				INFOPLIST_FILE = SpirographSwiftUI/Info.plist;
				LD_RUNPATH_SEARCH_PATHS = (
					"$(inherited)",
					"@executable_path/Frameworks",
				);
				PRODUCT_BUNDLE_IDENTIFIER = josh.SpirographSwiftUI;
				PRODUCT_NAME = "$(TARGET_NAME)";
				SUPPORTS_MACCATALYST = YES;
				SWIFT_VERSION = 5.0;
				TARGETED_DEVICE_FAMILY = "1,2";
			};
			name = Release;
		};
/* End XCBuildConfiguration section */

/* Begin XCConfigurationList section */
		0334D35522BDF76C00BE553C /* Build configuration list for PBXProject "SpirographSwiftUI" */ = {
			isa = XCConfigurationList;
			buildConfigurations = (
				0334D36C22BDF76F00BE553C /* Debug */,
				0334D36D22BDF76F00BE553C /* Release */,
			);
			defaultConfigurationIsVisible = 0;
			defaultConfigurationName = Release;
		};
		0334D36E22BDF76F00BE553C /* Build configuration list for PBXNativeTarget "SpirographSwiftUI" */ = {
			isa = XCConfigurationList;
			buildConfigurations = (
				0334D36F22BDF76F00BE553C /* Debug */,
				0334D37022BDF76F00BE553C /* Release */,
			);
			defaultConfigurationIsVisible = 0;
			defaultConfigurationName = Release;
		};
/* End XCConfigurationList section */
	};
	rootObject = 0334D35222BDF76C00BE553C /* Project object */;
}
